<?xml version="1.0" encoding="utf-8"?>
<Project ToolsVersion="4.0" xmlns="http://schemas.microsoft.com/developer/msbuild/2003">
  <ItemGroup>
    <Filter Include="리소스 파일">
      <UniqueIdentifier>{67DA6AB6-F800-4c08-8B7A-83BB121AAD01}</UniqueIdentifier>
      <Extensions>rc;ico;cur;bmp;dlg;rc2;rct;bin;rgs;gif;jpg;jpeg;jpe;resx;tiff;tif;png;wav;mfcribbon-ms</Extensions>
    </Filter>
    <Filter Include="매니져">
      <UniqueIdentifier>{45fc7e26-585a-434a-843e-e459e46be338}</UniqueIdentifier>
    </Filter>
    <Filter Include="메인게임">
      <UniqueIdentifier>{e5e7106c-c557-4f2a-bf2f-362d037f9df4}</UniqueIdentifier>
    </Filter>
    <Filter Include="Sample">
      <UniqueIdentifier>{3b01e1df-d401-4408-854b-3d95405ca4d9}</UniqueIdentifier>
    </Filter>
    <Filter Include="API">
      <UniqueIdentifier>{de59bd84-490f-4de3-b2d7-ca1c9eac4440}</UniqueIdentifier>
    </Filter>
    <Filter Include="API\타이머">
      <UniqueIdentifier>{26cd077e-757e-4ad7-a19a-732334387876}</UniqueIdentifier>
    </Filter>
    <Filter Include="API\게임노드">
      <UniqueIdentifier>{c74581e2-587b-42c6-b090-558f511f1e4e}</UniqueIdentifier>
    </Filter>
    <Filter Include="API\stdafx">
      <UniqueIdentifier>{06a3d718-c25a-4a79-8877-9330efad880c}</UniqueIdentifier>
    </Filter>
    <Filter Include="API\이미지">
      <UniqueIdentifier>{60422429-1dd3-46ec-8b7f-88632224d0eb}</UniqueIdentifier>
    </Filter>
    <Filter Include="API\프로그래스 바">
      <UniqueIdentifier>{1f3921e4-c877-4df3-bca3-3c86de7df3bb}</UniqueIdentifier>
    </Filter>
    <Filter Include="API\유틸">
      <UniqueIdentifier>{e75bf56a-db97-4fd2-8479-b6dfb045232b}</UniqueIdentifier>
    </Filter>
    <Filter Include="API\이펙트">
      <UniqueIdentifier>{20a4ac81-1e2a-46f8-a1c6-e7dfe4dd0732}</UniqueIdentifier>
    </Filter>
    <Filter Include="API\애니메이션">
      <UniqueIdentifier>{a7d5d296-d5d1-4535-b878-533478909d6d}</UniqueIdentifier>
    </Filter>
    <Filter Include="API\애니메이션\애니메이션 테스트 씬">
      <UniqueIdentifier>{dbc8f9d1-58b7-41bb-af88-11065e7fcd52}</UniqueIdentifier>
    </Filter>
    <Filter Include="API\세이브로드 테스트씬">
      <UniqueIdentifier>{fef673ab-6672-4a2d-a667-d35f4c475213}</UniqueIdentifier>
    </Filter>
    <Filter Include="player">
      <UniqueIdentifier>{a275dfa0-341b-450c-a472-39dad8a3b9db}</UniqueIdentifier>
    </Filter>
    <Filter Include="shop">
      <UniqueIdentifier>{15626617-fc12-4dc5-955b-b83cb20d05a1}</UniqueIdentifier>
    </Filter>
    <Filter Include="shop\NPC">
      <UniqueIdentifier>{4afaea70-d9ae-4023-8c57-c875437879a0}</UniqueIdentifier>
    </Filter>
    <Filter Include="아이템">
      <UniqueIdentifier>{da2252eb-51b3-4c58-b50a-029ed5209f5d}</UniqueIdentifier>
    </Filter>
    <Filter Include="Scene">
      <UniqueIdentifier>{bdb1a330-6d86-4de9-af90-ef26a98ba100}</UniqueIdentifier>
    </Filter>
  </ItemGroup>
  <ItemGroup>
    <ClCompile Include="keyManager.cpp">
      <Filter>매니져</Filter>
    </ClCompile>
    <ClCompile Include="mainGame.cpp">
      <Filter>메인게임</Filter>
    </ClCompile>
    <ClCompile Include="winMain.cpp">
      <Filter>API</Filter>
    </ClCompile>
    <ClCompile Include="image.cpp">
      <Filter>API\이미지</Filter>
    </ClCompile>
    <ClCompile Include="imageManager.cpp">
      <Filter>매니져</Filter>
    </ClCompile>
    <ClCompile Include="jumpSample.cpp">
      <Filter>Sample</Filter>
    </ClCompile>
    <ClCompile Include="NumberSample.cpp">
      <Filter>Sample</Filter>
    </ClCompile>
    <ClCompile Include="utils.cpp">
      <Filter>API\유틸</Filter>
    </ClCompile>
    <ClCompile Include="timeManager.cpp">
      <Filter>매니져</Filter>
    </ClCompile>
    <ClCompile Include="timer.cpp">
      <Filter>API\타이머</Filter>
    </ClCompile>
    <ClCompile Include="gameNode.cpp">
      <Filter>API\게임노드</Filter>
    </ClCompile>
    <ClCompile Include="stdafx.cpp">
      <Filter>API\stdafx</Filter>
    </ClCompile>
    <ClCompile Include="progressBar.cpp">
      <Filter>API\프로그래스 바</Filter>
    </ClCompile>
    <ClCompile Include="effect.cpp">
      <Filter>API\이펙트</Filter>
    </ClCompile>
    <ClCompile Include="animation.cpp">
      <Filter>API\애니메이션</Filter>
    </ClCompile>
    <ClCompile Include="animationTest.cpp">
      <Filter>API\애니메이션\애니메이션 테스트 씬</Filter>
    </ClCompile>
    <ClCompile Include="saveLoadTest.cpp">
      <Filter>API\세이브로드 테스트씬</Filter>
    </ClCompile>
    <ClCompile Include="txtDataManager.cpp">
      <Filter>매니져</Filter>
    </ClCompile>
    <ClCompile Include="player.cpp">
      <Filter>player</Filter>
    </ClCompile>
    <ClCompile Include="buccanary.cpp">
      <Filter>shop\NPC</Filter>
    </ClCompile>
    <ClCompile Include="itemWindow.cpp">
      <Filter>player</Filter>
    </ClCompile>
    <ClCompile Include="shopWindow.cpp">
      <Filter>shop</Filter>
    </ClCompile>
    <ClCompile Include="itemManager.cpp">
      <Filter>아이템</Filter>
    </ClCompile>
    <ClCompile Include="hpPotion.cpp">
      <Filter>아이템</Filter>
    </ClCompile>
    <ClCompile Include="startScene.cpp">
      <Filter>Scene</Filter>
    </ClCompile>
    <ClCompile Include="secondScene.cpp">
      <Filter>Scene</Filter>
    </ClCompile>
    <ClCompile Include="speedPotion.cpp">
      <Filter>아이템</Filter>
    </ClCompile>
    <ClCompile Include="showText.cpp">
      <Filter>shop</Filter>
    </ClCompile>
    <ClCompile Include="sceneMove.cpp">
      <Filter>메인게임</Filter>
    </ClCompile>
    <ClCompile Include="selectMap.cpp">
      <Filter>메인게임</Filter>
    </ClCompile>
    <ClCompile Include="save.cpp">
      <Filter>메인게임</Filter>
    </ClCompile>
  </ItemGroup>
  <ItemGroup>
    <ClInclude Include="commonMacroFiunction.h">
      <Filter>API\유틸</Filter>
    </ClInclude>
    <ClInclude Include="randomFunction.h">
      <Filter>API\유틸</Filter>
    </ClInclude>
    <ClInclude Include="keyManager.h">
      <Filter>매니져</Filter>
    </ClInclude>
    <ClInclude Include="mainGame.h">
      <Filter>메인게임</Filter>
    </ClInclude>
    <ClInclude Include="singletonBase.h">
      <Filter>API</Filter>
    </ClInclude>
    <ClInclude Include="image.h">
      <Filter>API\이미지</Filter>
    </ClInclude>
    <ClInclude Include="imageManager.h">
      <Filter>매니져</Filter>
    </ClInclude>
    <ClInclude Include="jumpSample.h">
      <Filter>Sample</Filter>
    </ClInclude>
    <ClInclude Include="NumberSample.h">
      <Filter>Sample</Filter>
    </ClInclude>
    <ClInclude Include="utils.h">
      <Filter>API\유틸</Filter>
    </ClInclude>
    <ClInclude Include="timeManager.h">
      <Filter>매니져</Filter>
    </ClInclude>
    <ClInclude Include="timer.h">
      <Filter>API\타이머</Filter>
    </ClInclude>
    <ClInclude Include="gameNode.h">
      <Filter>API\게임노드</Filter>
    </ClInclude>
    <ClInclude Include="stdafx.h">
      <Filter>API\stdafx</Filter>
    </ClInclude>
    <ClInclude Include="progressBar.h">
      <Filter>API\프로그래스 바</Filter>
    </ClInclude>
    <ClInclude Include="effect.h">
      <Filter>API\이펙트</Filter>
    </ClInclude>
    <ClInclude Include="animation.h">
      <Filter>API\애니메이션</Filter>
    </ClInclude>
    <ClInclude Include="animationTest.h">
      <Filter>API\애니메이션\애니메이션 테스트 씬</Filter>
    </ClInclude>
    <ClInclude Include="saveLoadTest.h">
      <Filter>API\세이브로드 테스트씬</Filter>
    </ClInclude>
    <ClInclude Include="txtDataManager.h">
      <Filter>매니져</Filter>
    </ClInclude>
    <ClInclude Include="player.h">
      <Filter>player</Filter>
    </ClInclude>
    <ClInclude Include="buccanary.h">
      <Filter>shop\NPC</Filter>
    </ClInclude>
    <ClInclude Include="itemWindow.h">
      <Filter>player</Filter>
    </ClInclude>
    <ClInclude Include="itemManager.h">
      <Filter>아이템</Filter>
    </ClInclude>
    <ClInclude Include="hpPotion.h">
      <Filter>아이템</Filter>
    </ClInclude>
    <ClInclude Include="startScene.h">
      <Filter>Scene</Filter>
    </ClInclude>
    <ClInclude Include="secondScene.h">
      <Filter>Scene</Filter>
    </ClInclude>
    <ClInclude Include="speedPotion.h">
      <Filter>아이템</Filter>
    </ClInclude>
  </ItemGroup>
</Project>